
Microsoft Visual Studio Solution File, Format Version 12.00
# Visual Studio Version 16
VisualStudioVersion = 16.0.30907.101
MinimumVisualStudioVersion = 10.0.40219.1
Project("{FAE04EC0-301F-11D3-BF4B-00C04F79EFBC}") = "Converter", "Converter\Converter.csproj", "{7804696C-0D06-4F30-8133-F5015EA2C1D7}"
EndProject
Project("{9A19103F-16F7-4668-BE54-9A1E7A4F7556}") = "MyBooks", "MyBooks\MyBooks.csproj", "{3D5DB4E0-8132-40EB-856B-9424F6A2124C}"
EndProject
Global
	GlobalSection(SolutionConfigurationPlatforms) = preSolution
		Debug|Any CPU = Debug|Any CPU
		Release|Any CPU = Release|Any CPU
	EndGlobalSection
	GlobalSection(ProjectConfigurationPlatforms) = postSolution
		{3D5DB4E0-8132-40EB-856B-9424F6A2124C}.Debug|Any CPU.ActiveCfg = Debug|Any CPU
		{3D5DB4E0-8132-40EB-856B-9424F6A2124C}.Debug|Any CPU.Build.0 = Debug|Any CPU
		{3D5DB4E0-8132-40EB-856B-9424F6A2124C}.Release|Any CPU.ActiveCfg = Release|Any CPU
		{3D5DB4E0-8132-40EB-856B-9424F6A2124C}.Release|Any CPU.Build.0 = Release|Any CPU
		{7804696C-0D06-4F30-8133-F5015EA2C1D7}.Debug|Any CPU.ActiveCfg = Debug|Any CPU
		{7804696C-0D06-4F30-8133-F5015EA2C1D7}.Debug|Any CPU.Build.0 = Debug|Any CPU
		{7804696C-0D06-4F30-8133-F5015EA2C1D7}.Release|Any CPU.ActiveCfg = Release|Any CPU
		{7804696C-0D06-4F30-8133-F5015EA2C1D7}.Release|Any CPU.Build.0 = Release|Any CPU
	EndGlobalSection
	GlobalSection(SolutionProperties) = preSolution
		HideSolutionNode = FALSE
	EndGlobalSection
	GlobalSection(ExtensibilityGlobals) = postSolution
		SolutionGuid = {C1866D2D-0A44-4103-9F86-0C9FD2BF493E}
	EndGlobalSection
EndGlobal
