
Microsoft Visual Studio Solution File, Format Version 12.00
# Visual Studio Version 16
VisualStudioVersion = 16.0.30804.86
MinimumVisualStudioVersion = 10.0.40219.1
Project("{8BC9CEB8-8B4A-11D0-8D11-00A0C91BC942}") = "Coursework", "Coursework\Coursework.vcxproj", "{E155AA62-22A1-42EA-BFA0-61FE2A5E6C7D}"
EndProject
Project("{54435603-DBB4-11D2-8724-00A0C9A8B90C}") = "Installer", "Installer\Installer.vdproj", "{E7209F89-95B4-43D9-9A13-73759CBEC819}"
EndProject
Global
	GlobalSection(SolutionConfigurationPlatforms) = preSolution
		Debug|x64 = Debug|x64
		Debug|x86 = Debug|x86
		Release|x64 = Release|x64
		Release|x86 = Release|x86
	EndGlobalSection
	GlobalSection(ProjectConfigurationPlatforms) = postSolution
		{E155AA62-22A1-42EA-BFA0-61FE2A5E6C7D}.Debug|x64.ActiveCfg = Debug|x64
		{E155AA62-22A1-42EA-BFA0-61FE2A5E6C7D}.Debug|x64.Build.0 = Debug|x64
		{E155AA62-22A1-42EA-BFA0-61FE2A5E6C7D}.Debug|x86.ActiveCfg = Debug|Win32
		{E155AA62-22A1-42EA-BFA0-61FE2A5E6C7D}.Debug|x86.Build.0 = Debug|Win32
		{E155AA62-22A1-42EA-BFA0-61FE2A5E6C7D}.Release|x64.ActiveCfg = Release|x64
		{E155AA62-22A1-42EA-BFA0-61FE2A5E6C7D}.Release|x64.Build.0 = Release|x64
		{E155AA62-22A1-42EA-BFA0-61FE2A5E6C7D}.Release|x86.ActiveCfg = Release|Win32
		{E155AA62-22A1-42EA-BFA0-61FE2A5E6C7D}.Release|x86.Build.0 = Release|Win32
		{E7209F89-95B4-43D9-9A13-73759CBEC819}.Debug|x64.ActiveCfg = Debug
		{E7209F89-95B4-43D9-9A13-73759CBEC819}.Debug|x86.ActiveCfg = Debug
		{E7209F89-95B4-43D9-9A13-73759CBEC819}.Release|x64.ActiveCfg = Release
		{E7209F89-95B4-43D9-9A13-73759CBEC819}.Release|x86.ActiveCfg = Release
		{E7209F89-95B4-43D9-9A13-73759CBEC819}.Release|x86.Build.0 = Release
	EndGlobalSection
	GlobalSection(SolutionProperties) = preSolution
		HideSolutionNode = FALSE
	EndGlobalSection
	GlobalSection(ExtensibilityGlobals) = postSolution
		SolutionGuid = {EF7289DA-A661-4F8A-BEF9-9A641417FB4F}
	EndGlobalSection
EndGlobal
